
Microsoft Visual Studio Solution File, Format Version 12.00
# Visual Studio Version 16
VisualStudioVersion = 16.0.30523.141
MinimumVisualStudioVersion = 10.0.40219.1
Project("{FAE04EC0-301F-11D3-BF4B-00C04F79EFBC}") = "SuperMarketWebAPI", "SuperMarketWebAPI\SuperMarketWebAPI.csproj", "{748C6CE6-8409-4F24-9AAC-2717AFF4D0B1}"
EndProject
Global
	GlobalSection(SolutionConfigurationPlatforms) = preSolution
		Debug|Any CPU = Debug|Any CPU
		Release|Any CPU = Release|Any CPU
	EndGlobalSection
	GlobalSection(ProjectConfigurationPlatforms) = postSolution
		{748C6CE6-8409-4F24-9AAC-2717AFF4D0B1}.Debug|Any CPU.ActiveCfg = Debug|Any CPU
		{748C6CE6-8409-4F24-9AAC-2717AFF4D0B1}.Debug|Any CPU.Build.0 = Debug|Any CPU
		{748C6CE6-8409-4F24-9AAC-2717AFF4D0B1}.Release|Any CPU.ActiveCfg = Release|Any CPU
		{748C6CE6-8409-4F24-9AAC-2717AFF4D0B1}.Release|Any CPU.Build.0 = Release|Any CPU
	EndGlobalSection
	GlobalSection(SolutionProperties) = preSolution
		HideSolutionNode = FALSE
	EndGlobalSection
	GlobalSection(ExtensibilityGlobals) = postSolution
		SolutionGuid = {B9C4B7ED-CB64-4130-AB22-6E92A7E45A70}
	EndGlobalSection
EndGlobal
